
Microsoft Visual Studio Solution File, Format Version 12.00
# Visual Studio 15
Project("{FAE04EC0-301F-11D3-BF4B-00C04F79EFBC}") = "PulseResponse", "PulseResponse\PulseResponse.csproj", "{2A20F272-CC76-42E5-AE92-2F8195C8062A}"
EndProject
Global
	GlobalSection(SolutionConfigurationPlatforms) = preSolution
		Debug|Any CPU = Debug|Any CPU
		Release|Any CPU = Release|Any CPU
	EndGlobalSection
	GlobalSection(ProjectConfigurationPlatforms) = postSolution
		{2A20F272-CC76-42E5-AE92-2F8195C8062A}.Debug|Any CPU.ActiveCfg = Debug|Any CPU
		{2A20F272-CC76-42E5-AE92-2F8195C8062A}.Debug|Any CPU.Build.0 = Debug|Any CPU
		{2A20F272-CC76-42E5-AE92-2F8195C8062A}.Release|Any CPU.ActiveCfg = Release|Any CPU
		{2A20F272-CC76-42E5-AE92-2F8195C8062A}.Release|Any CPU.Build.0 = Release|Any CPU
	EndGlobalSection
EndGlobal
